
Microsoft Visual Studio Solution File, Format Version 12.00
# Visual Studio 15
VisualStudioVersion = 15.0.28307.421
MinimumVisualStudioVersion = 10.0.40219.1
Project("{8BC9CEB8-8B4A-11D0-8D11-00A0C91BC942}") = "CEFHelloWorld", "CEFHelloWorld\CEFHelloWorld.vcxproj", "{FB97701F-BCC0-4A75-BAF4-BCB7D868D576}"
	ProjectSection(ProjectDependencies) = postProject
		{CBAD7992-8037-3D29-BF94-52C6CCDDE7BE} = {CBAD7992-8037-3D29-BF94-52C6CCDDE7BE}
	EndProjectSection
EndProject
Project("{8BC9CEB8-8B4A-11D0-8D11-00A0C91BC942}") = "libcef_dll_wrapper", "CEF\libcef_dll_wrapper\libcef_dll_wrapper.vcxproj", "{CBAD7992-8037-3D29-BF94-52C6CCDDE7BE}"
EndProject
Global
	GlobalSection(SolutionConfigurationPlatforms) = preSolution
		Debug|x64 = Debug|x64
		Debug|x86 = Debug|x86
		Release|x64 = Release|x64
		Release|x86 = Release|x86
	EndGlobalSection
	GlobalSection(ProjectConfigurationPlatforms) = postSolution
		{FB97701F-BCC0-4A75-BAF4-BCB7D868D576}.Debug|x64.ActiveCfg = Debug|x64
		{FB97701F-BCC0-4A75-BAF4-BCB7D868D576}.Debug|x64.Build.0 = Debug|x64
		{FB97701F-BCC0-4A75-BAF4-BCB7D868D576}.Debug|x86.ActiveCfg = Debug|Win32
		{FB97701F-BCC0-4A75-BAF4-BCB7D868D576}.Debug|x86.Build.0 = Debug|Win32
		{FB97701F-BCC0-4A75-BAF4-BCB7D868D576}.Release|x64.ActiveCfg = Release|x64
		{FB97701F-BCC0-4A75-BAF4-BCB7D868D576}.Release|x64.Build.0 = Release|x64
		{FB97701F-BCC0-4A75-BAF4-BCB7D868D576}.Release|x86.ActiveCfg = Release|Win32
		{FB97701F-BCC0-4A75-BAF4-BCB7D868D576}.Release|x86.Build.0 = Release|Win32
		{CBAD7992-8037-3D29-BF94-52C6CCDDE7BE}.Debug|x64.ActiveCfg = Debug|x64
		{CBAD7992-8037-3D29-BF94-52C6CCDDE7BE}.Debug|x64.Build.0 = Debug|x64
		{CBAD7992-8037-3D29-BF94-52C6CCDDE7BE}.Debug|x86.ActiveCfg = Debug|Win32
		{CBAD7992-8037-3D29-BF94-52C6CCDDE7BE}.Debug|x86.Build.0 = Debug|Win32
		{CBAD7992-8037-3D29-BF94-52C6CCDDE7BE}.Release|x64.ActiveCfg = Release|x64
		{CBAD7992-8037-3D29-BF94-52C6CCDDE7BE}.Release|x64.Build.0 = Release|x64
		{CBAD7992-8037-3D29-BF94-52C6CCDDE7BE}.Release|x86.ActiveCfg = Release|Win32
		{CBAD7992-8037-3D29-BF94-52C6CCDDE7BE}.Release|x86.Build.0 = Release|Win32
	EndGlobalSection
	GlobalSection(SolutionProperties) = preSolution
		HideSolutionNode = FALSE
	EndGlobalSection
	GlobalSection(ExtensibilityGlobals) = postSolution
		SolutionGuid = {29DBD5A6-5123-44BC-9ABD-E2AF692F61B0}
	EndGlobalSection
EndGlobal
